
Microsoft Visual Studio Solution File, Format Version 12.00
# Visual Studio Version 17
VisualStudioVersion = 17.8.34322.80
MinimumVisualStudioVersion = 10.0.40219.1
Project("{9A19103F-16F7-4668-BE54-9A1E7A4F7556}") = "ChatClient", "ChatClient.csproj", "{98D12646-2A81-4EE6-8120-EDE40BC96BD4}"
EndProject
Global
	GlobalSection(SolutionConfigurationPlatforms) = preSolution
		Debug|Any CPU = Debug|Any CPU
		Release|Any CPU = Release|Any CPU
	EndGlobalSection
	GlobalSection(ProjectConfigurationPlatforms) = postSolution
		{98D12646-2A81-4EE6-8120-EDE40BC96BD4}.Debug|Any CPU.ActiveCfg = Debug|Any CPU
		{98D12646-2A81-4EE6-8120-EDE40BC96BD4}.Debug|Any CPU.Build.0 = Debug|Any CPU
		{98D12646-2A81-4EE6-8120-EDE40BC96BD4}.Release|Any CPU.ActiveCfg = Release|Any CPU
		{98D12646-2A81-4EE6-8120-EDE40BC96BD4}.Release|Any CPU.Build.0 = Release|Any CPU
	EndGlobalSection
	GlobalSection(SolutionProperties) = preSolution
		HideSolutionNode = FALSE
	EndGlobalSection
	GlobalSection(ExtensibilityGlobals) = postSolution
		SolutionGuid = {8DEA0ACA-9E62-473E-83FC-851C43332AB5}
	EndGlobalSection
EndGlobal
